
Microsoft Visual Studio Solution File, Format Version 12.00
# Visual Studio Version 17
VisualStudioVersion = 17.14.37314.3 d17.14
MinimumVisualStudioVersion = 10.0.40219.1
Project("{FAE04EC0-301F-11D3-BF4B-00C04F79EFBC}") = "TodoApp.Android", "TodoApp\TodoApp.Android\TodoApp.Android.csproj", "{09D328DC-C341-4122-B297-0BBB4A206F12}"
EndProject
Project("{FAE04EC0-301F-11D3-BF4B-00C04F79EFBC}") = "TodoApp.iOS", "TodoApp\TodoApp.iOS\TodoApp.iOS.csproj", "{755165E3-A3D8-4A11-9CD6-90FBC7BAEB1F}"
EndProject
Project("{FAE04EC0-301F-11D3-BF4B-00C04F79EFBC}") = "TodoApp", "TodoApp\TodoApp\TodoApp.csproj", "{607E88E3-B8F8-4E6A-B86B-14E2498B6878}"
EndProject
Global
	GlobalSection(SolutionConfigurationPlatforms) = preSolution
		Debug|Any CPU = Debug|Any CPU
		Release|Any CPU = Release|Any CPU
	EndGlobalSection
	GlobalSection(ProjectConfigurationPlatforms) = postSolution
		{09D328DC-C341-4122-B297-0BBB4A206F12}.Debug|Any CPU.ActiveCfg = Debug|Any CPU
		{09D328DC-C341-4122-B297-0BBB4A206F12}.Debug|Any CPU.Build.0 = Debug|Any CPU
		{09D328DC-C341-4122-B297-0BBB4A206F12}.Debug|Any CPU.Deploy.0 = Debug|Any CPU
		{09D328DC-C341-4122-B297-0BBB4A206F12}.Release|Any CPU.ActiveCfg = Release|Any CPU
		{09D328DC-C341-4122-B297-0BBB4A206F12}.Release|Any CPU.Build.0 = Release|Any CPU
		{09D328DC-C341-4122-B297-0BBB4A206F12}.Release|Any CPU.Deploy.0 = Release|Any CPU
		{755165E3-A3D8-4A11-9CD6-90FBC7BAEB1F}.Debug|Any CPU.ActiveCfg = Debug|iPhone
		{755165E3-A3D8-4A11-9CD6-90FBC7BAEB1F}.Debug|Any CPU.Build.0 = Debug|iPhone
		{755165E3-A3D8-4A11-9CD6-90FBC7BAEB1F}.Debug|Any CPU.Deploy.0 = Debug|iPhone
		{755165E3-A3D8-4A11-9CD6-90FBC7BAEB1F}.Release|Any CPU.ActiveCfg = Release|iPhoneSimulator
		{755165E3-A3D8-4A11-9CD6-90FBC7BAEB1F}.Release|Any CPU.Build.0 = Release|iPhoneSimulator
		{755165E3-A3D8-4A11-9CD6-90FBC7BAEB1F}.Release|Any CPU.Deploy.0 = Release|iPhoneSimulator
		{607E88E3-B8F8-4E6A-B86B-14E2498B6878}.Debug|Any CPU.ActiveCfg = Debug|Any CPU
		{607E88E3-B8F8-4E6A-B86B-14E2498B6878}.Debug|Any CPU.Build.0 = Debug|Any CPU
		{607E88E3-B8F8-4E6A-B86B-14E2498B6878}.Debug|Any CPU.Deploy.0 = Debug|Any CPU
		{607E88E3-B8F8-4E6A-B86B-14E2498B6878}.Release|Any CPU.ActiveCfg = Release|Any CPU
		{607E88E3-B8F8-4E6A-B86B-14E2498B6878}.Release|Any CPU.Build.0 = Release|Any CPU
		{607E88E3-B8F8-4E6A-B86B-14E2498B6878}.Release|Any CPU.Deploy.0 = Release|Any CPU
	EndGlobalSection
	GlobalSection(SolutionProperties) = preSolution
		HideSolutionNode = FALSE
	EndGlobalSection
	GlobalSection(ExtensibilityGlobals) = postSolution
		SolutionGuid = {FF3B28FA-EA00-43A7-9DAD-FB32FA4C1673}
	EndGlobalSection
EndGlobal
